
Microsoft Visual Studio Solution File, Format Version 12.00
# Visual Studio Version 16
VisualStudioVersion = 16.0.31005.135
MinimumVisualStudioVersion = 10.0.40219.1
Project("{FAE04EC0-301F-11D3-BF4B-00C04F79EFBC}") = "Tennis", "Tennis\Tennis.csproj", "{708301A3-CDBC-4933-81D1-E90E4075282A}"
EndProject
Project("{FAE04EC0-301F-11D3-BF4B-00C04F79EFBC}") = "Tennis.Library", "Tennis.Library\Tennis.Library.csproj", "{297598A2-A0D8-4F73-8244-81E1DA6B984B}"
EndProject
Project("{FAE04EC0-301F-11D3-BF4B-00C04F79EFBC}") = "Tennis.Library.Tests", "Tennis.Library.Tests\Tennis.Library.Tests.csproj", "{7FD10E60-F880-4F45-9E60-BED1186CCB32}"
EndProject
Global
	GlobalSection(SolutionConfigurationPlatforms) = preSolution
		Debug|Any CPU = Debug|Any CPU
		Release|Any CPU = Release|Any CPU
	EndGlobalSection
	GlobalSection(ProjectConfigurationPlatforms) = postSolution
		{708301A3-CDBC-4933-81D1-E90E4075282A}.Debug|Any CPU.ActiveCfg = Debug|Any CPU
		{708301A3-CDBC-4933-81D1-E90E4075282A}.Debug|Any CPU.Build.0 = Debug|Any CPU
		{708301A3-CDBC-4933-81D1-E90E4075282A}.Release|Any CPU.ActiveCfg = Release|Any CPU
		{708301A3-CDBC-4933-81D1-E90E4075282A}.Release|Any CPU.Build.0 = Release|Any CPU
		{297598A2-A0D8-4F73-8244-81E1DA6B984B}.Debug|Any CPU.ActiveCfg = Debug|Any CPU
		{297598A2-A0D8-4F73-8244-81E1DA6B984B}.Debug|Any CPU.Build.0 = Debug|Any CPU
		{297598A2-A0D8-4F73-8244-81E1DA6B984B}.Release|Any CPU.ActiveCfg = Release|Any CPU
		{297598A2-A0D8-4F73-8244-81E1DA6B984B}.Release|Any CPU.Build.0 = Release|Any CPU
		{7FD10E60-F880-4F45-9E60-BED1186CCB32}.Debug|Any CPU.ActiveCfg = Debug|Any CPU
		{7FD10E60-F880-4F45-9E60-BED1186CCB32}.Debug|Any CPU.Build.0 = Debug|Any CPU
		{7FD10E60-F880-4F45-9E60-BED1186CCB32}.Release|Any CPU.ActiveCfg = Release|Any CPU
		{7FD10E60-F880-4F45-9E60-BED1186CCB32}.Release|Any CPU.Build.0 = Release|Any CPU
	EndGlobalSection
	GlobalSection(SolutionProperties) = preSolution
		HideSolutionNode = FALSE
	EndGlobalSection
	GlobalSection(ExtensibilityGlobals) = postSolution
		SolutionGuid = {CBD116DA-DA66-432D-9FB9-C6E912312B32}
	EndGlobalSection
EndGlobal
